
Microsoft Visual Studio Solution File, Format Version 12.00
# Visual Studio Version 17
VisualStudioVersion = 17.0.31903.59
MinimumVisualStudioVersion = 10.0.40219.1
Project("{FAE04EC0-301F-11D3-BF4B-00C04F79EFBC}") = "Chickensoft.AutoInject", "Chickensoft.AutoInject\Chickensoft.AutoInject.csproj", "{9F40CD34-5F3F-4431-90FE-C3577FC15AC4}"
EndProject
Project("{FAE04EC0-301F-11D3-BF4B-00C04F79EFBC}") = "Chickensoft.AutoInject.Tests", "Chickensoft.AutoInject.Tests\Chickensoft.AutoInject.Tests.csproj", "{9DD3D030-C9BE-42FE-B56F-8BC5FCF9579E}"
EndProject
Project("{FAE04EC0-301F-11D3-BF4B-00C04F79EFBC}") = "Chickensoft.AutoInject.Analyzers", "Chickensoft.AutoInject.Analyzers\Chickensoft.AutoInject.Analyzers.csproj", "{70A5327C-5874-428E-BF51-C6854A1608F5}"
EndProject
Project("{FAE04EC0-301F-11D3-BF4B-00C04F79EFBC}") = "Chickensoft.AutoInject.Analyzers.Tests", "Chickensoft.AutoInject.Analyzers.Tests\Chickensoft.AutoInject.Analyzers.Tests.csproj", "{AF663183-3114-406E-8A2E-8535132FEBB7}"
EndProject
Global
	GlobalSection(SolutionConfigurationPlatforms) = preSolution
		Debug|Any CPU = Debug|Any CPU
		Release|Any CPU = Release|Any CPU
	EndGlobalSection
	GlobalSection(SolutionProperties) = preSolution
		HideSolutionNode = FALSE
	EndGlobalSection
	GlobalSection(ProjectConfigurationPlatforms) = postSolution
		{9F40CD34-5F3F-4431-90FE-C3577FC15AC4}.Debug|Any CPU.ActiveCfg = Debug|Any CPU
		{9F40CD34-5F3F-4431-90FE-C3577FC15AC4}.Debug|Any CPU.Build.0 = Debug|Any CPU
		{9F40CD34-5F3F-4431-90FE-C3577FC15AC4}.Release|Any CPU.ActiveCfg = Release|Any CPU
		{9F40CD34-5F3F-4431-90FE-C3577FC15AC4}.Release|Any CPU.Build.0 = Release|Any CPU
		{9DD3D030-C9BE-42FE-B56F-8BC5FCF9579E}.Debug|Any CPU.ActiveCfg = Debug|Any CPU
		{9DD3D030-C9BE-42FE-B56F-8BC5FCF9579E}.Debug|Any CPU.Build.0 = Debug|Any CPU
		{9DD3D030-C9BE-42FE-B56F-8BC5FCF9579E}.Release|Any CPU.ActiveCfg = Debug|Any CPU
		{9DD3D030-C9BE-42FE-B56F-8BC5FCF9579E}.Release|Any CPU.Build.0 = Debug|Any CPU
		{70A5327C-5874-428E-BF51-C6854A1608F5}.Debug|Any CPU.ActiveCfg = Debug|Any CPU
		{70A5327C-5874-428E-BF51-C6854A1608F5}.Debug|Any CPU.Build.0 = Debug|Any CPU
		{70A5327C-5874-428E-BF51-C6854A1608F5}.Release|Any CPU.ActiveCfg = Release|Any CPU
		{70A5327C-5874-428E-BF51-C6854A1608F5}.Release|Any CPU.Build.0 = Release|Any CPU
		{AF663183-3114-406E-8A2E-8535132FEBB7}.Debug|Any CPU.ActiveCfg = Debug|Any CPU
		{AF663183-3114-406E-8A2E-8535132FEBB7}.Debug|Any CPU.Build.0 = Debug|Any CPU
		{AF663183-3114-406E-8A2E-8535132FEBB7}.Release|Any CPU.ActiveCfg = Release|Any CPU
		{AF663183-3114-406E-8A2E-8535132FEBB7}.Release|Any CPU.Build.0 = Release|Any CPU
	EndGlobalSection
EndGlobal
